// !$*UTF8*$!
{
	archiveVersion = 1;
	classes = {
	};
	objectVersion = 55;
	objects = {

/* Begin PBXBuildFile section */
		563FD1F229C5ED0F00D308AB /* SeKwangEnterApp.swift in Sources */ = {isa = PBXBuildFile; fileRef = 563FD1F129C5ED0F00D308AB /* SeKwangEnterApp.swift */; };
		563FD1F429C5ED0F00D308AB /* ContentView.swift in Sources */ = {isa = PBXBuildFile; fileRef = 563FD1F329C5ED0F00D308AB /* ContentView.swift */; };
		563FD1F629C5ED1100D308AB /* Assets.xcassets in Resources */ = {isa = PBXBuildFile; fileRef = 563FD1F529C5ED1100D308AB /* Assets.xcassets */; };
		563FD1F929C5ED1100D308AB /* Preview Assets.xcassets in Resources */ = {isa = PBXBuildFile; fileRef = 563FD1F829C5ED1100D308AB /* Preview Assets.xcassets */; };
		563FD20329C5ED1100D308AB /* SeKwangEnterTests.swift in Sources */ = {isa = PBXBuildFile; fileRef = 563FD20229C5ED1100D308AB /* SeKwangEnterTests.swift */; };
		563FD20D29C5ED1100D308AB /* SeKwangEnterUITests.swift in Sources */ = {isa = PBXBuildFile; fileRef = 563FD20C29C5ED1100D308AB /* SeKwangEnterUITests.swift */; };
		563FD20F29C5ED1100D308AB /* SeKwangEnterUITestsLaunchTests.swift in Sources */ = {isa = PBXBuildFile; fileRef = 563FD20E29C5ED1100D308AB /* SeKwangEnterUITestsLaunchTests.swift */; };
/* End PBXBuildFile section */

/* Begin PBXContainerItemProxy section */
		563FD1FF29C5ED1100D308AB /* PBXContainerItemProxy */ = {
			isa = PBXContainerItemProxy;
			containerPortal = 563FD1E629C5ED0F00D308AB /* Project object */;
			proxyType = 1;
			remoteGlobalIDString = 563FD1ED29C5ED0F00D308AB;
			remoteInfo = SeKwangEnter;
		};
		563FD20929C5ED1100D308AB /* PBXContainerItemProxy */ = {
			isa = PBXContainerItemProxy;
			containerPortal = 563FD1E629C5ED0F00D308AB /* Project object */;
			proxyType = 1;
			remoteGlobalIDString = 563FD1ED29C5ED0F00D308AB;
			remoteInfo = SeKwangEnter;
		};
/* End PBXContainerItemProxy section */

/* Begin PBXFileReference section */
		563FD1EE29C5ED0F00D308AB /* SeKwangEnter.app */ = {isa = PBXFileReference; explicitFileType = wrapper.application; includeInIndex = 0; path = SeKwangEnter.app; sourceTree = BUILT_PRODUCTS_DIR; };
		563FD1F129C5ED0F00D308AB /* SeKwangEnterApp.swift */ = {isa = PBXFileReference; lastKnownFileType = sourcecode.swift; path = SeKwangEnterApp.swift; sourceTree = "<group>"; };
		563FD1F329C5ED0F00D308AB /* ContentView.swift */ = {isa = PBXFileReference; lastKnownFileType = sourcecode.swift; path = ContentView.swift; sourceTree = "<group>"; };
		563FD1F529C5ED1100D308AB /* Assets.xcassets */ = {isa = PBXFileReference; lastKnownFileType = folder.assetcatalog; path = Assets.xcassets; sourceTree = "<group>"; };
		563FD1F829C5ED1100D308AB /* Preview Assets.xcassets */ = {isa = PBXFileReference; lastKnownFileType = folder.assetcatalog; path = "Preview Assets.xcassets"; sourceTree = "<group>"; };
		563FD1FE29C5ED1100D308AB /* SeKwangEnterTests.xctest */ = {isa = PBXFileReference; explicitFileType = wrapper.cfbundle; includeInIndex = 0; path = SeKwangEnterTests.xctest; sourceTree = BUILT_PRODUCTS_DIR; };
		563FD20229C5ED1100D308AB /* SeKwangEnterTests.swift */ = {isa = PBXFileReference; lastKnownFileType = sourcecode.swift; path = SeKwangEnterTests.swift; sourceTree = "<group>"; };
		563FD20829C5ED1100D308AB /* SeKwangEnterUITests.xctest */ = {isa = PBXFileReference; explicitFileType = wrapper.cfbundle; includeInIndex = 0; path = SeKwangEnterUITests.xctest; sourceTree = BUILT_PRODUCTS_DIR; };
		563FD20C29C5ED1100D308AB /* SeKwangEnterUITests.swift */ = {isa = PBXFileReference; lastKnownFileType = sourcecode.swift; path = SeKwangEnterUITests.swift; sourceTree = "<group>"; };
		563FD20E29C5ED1100D308AB /* SeKwangEnterUITestsLaunchTests.swift */ = {isa = PBXFileReference; lastKnownFileType = sourcecode.swift; path = SeKwangEnterUITestsLaunchTests.swift; sourceTree = "<group>"; };
/* End PBXFileReference section */

/* Begin PBXFrameworksBuildPhase section */
		563FD1EB29C5ED0F00D308AB /* Frameworks */ = {
			isa = PBXFrameworksBuildPhase;
			buildActionMask = 2147483647;
			files = (
			);
			runOnlyForDeploymentPostprocessing = 0;
		};
		563FD1FB29C5ED1100D308AB /* Frameworks */ = {
			isa = PBXFrameworksBuildPhase;
			buildActionMask = 2147483647;
			files = (
			);
			runOnlyForDeploymentPostprocessing = 0;
		};
		563FD20529C5ED1100D308AB /* Frameworks */ = {
			isa = PBXFrameworksBuildPhase;
			buildActionMask = 2147483647;
			files = (
			);
			runOnlyForDeploymentPostprocessing = 0;
		};
/* End PBXFrameworksBuildPhase section */

/* Begin PBXGroup section */
		563FD1E529C5ED0F00D308AB = {
			isa = PBXGroup;
			children = (
				563FD1F029C5ED0F00D308AB /* SeKwangEnter */,
				563FD20129C5ED1100D308AB /* SeKwangEnterTests */,
				563FD20B29C5ED1100D308AB /* SeKwangEnterUITests */,
				563FD1EF29C5ED0F00D308AB /* Products */,
			);
			sourceTree = "<group>";
		};
		563FD1EF29C5ED0F00D308AB /* Products */ = {
			isa = PBXGroup;
			children = (
				563FD1EE29C5ED0F00D308AB /* SeKwangEnter.app */,
				563FD1FE29C5ED1100D308AB /* SeKwangEnterTests.xctest */,
				563FD20829C5ED1100D308AB /* SeKwangEnterUITests.xctest */,
			);
			name = Products;
			sourceTree = "<group>";
		};
		563FD1F029C5ED0F00D308AB /* SeKwangEnter */ = {
			isa = PBXGroup;
			children = (
				563FD1F129C5ED0F00D308AB /* SeKwangEnterApp.swift */,
				563FD1F329C5ED0F00D308AB /* ContentView.swift */,
				563FD1F529C5ED1100D308AB /* Assets.xcassets */,
				563FD1F729C5ED1100D308AB /* Preview Content */,
			);
			path = SeKwangEnter;
			sourceTree = "<group>";
		};
		563FD1F729C5ED1100D308AB /* Preview Content */ = {
			isa = PBXGroup;
			children = (
				563FD1F829C5ED1100D308AB /* Preview Assets.xcassets */,
			);
			path = "Preview Content";
			sourceTree = "<group>";
		};
		563FD20129C5ED1100D308AB /* SeKwangEnterTests */ = {
			isa = PBXGroup;
			children = (
				563FD20229C5ED1100D308AB /* SeKwangEnterTests.swift */,
			);
			path = SeKwangEnterTests;
			sourceTree = "<group>";
		};
		563FD20B29C5ED1100D308AB /* SeKwangEnterUITests */ = {
			isa = PBXGroup;
			children = (
				563FD20C29C5ED1100D308AB /* SeKwangEnterUITests.swift */,
				563FD20E29C5ED1100D308AB /* SeKwangEnterUITestsLaunchTests.swift */,
			);
			path = SeKwangEnterUITests;
			sourceTree = "<group>";
		};
/* End PBXGroup section */

/* Begin PBXNativeTarget section */
		563FD1ED29C5ED0F00D308AB /* SeKwangEnter */ = {
			isa = PBXNativeTarget;
			buildConfigurationList = 563FD21229C5ED1100D308AB /* Build configuration list for PBXNativeTarget "SeKwangEnter" */;
			buildPhases = (
				563FD1EA29C5ED0F00D308AB /* Sources */,
				563FD1EB29C5ED0F00D308AB /* Frameworks */,
				563FD1EC29C5ED0F00D308AB /* Resources */,
			);
			buildRules = (
			);
			dependencies = (
			);
			name = SeKwangEnter;
			productName = SeKwangEnter;
			productReference = 563FD1EE29C5ED0F00D308AB /* SeKwangEnter.app */;
			productType = "com.apple.product-type.application";
		};
		563FD1FD29C5ED1100D308AB /* SeKwangEnterTests */ = {
			isa = PBXNativeTarget;
			buildConfigurationList = 563FD21529C5ED1100D308AB /* Build configuration list for PBXNativeTarget "SeKwangEnterTests" */;
			buildPhases = (
				563FD1FA29C5ED1100D308AB /* Sources */,
				563FD1FB29C5ED1100D308AB /* Frameworks */,
				563FD1FC29C5ED1100D308AB /* Resources */,
			);
			buildRules = (
			);
			dependencies = (
				563FD20029C5ED1100D308AB /* PBXTargetDependency */,
			);
			name = SeKwangEnterTests;
			productName = SeKwangEnterTests;
			productReference = 563FD1FE29C5ED1100D308AB /* SeKwangEnterTests.xctest */;
			productType = "com.apple.product-type.bundle.unit-test";
		};
		563FD20729C5ED1100D308AB /* SeKwangEnterUITests */ = {
			isa = PBXNativeTarget;
			buildConfigurationList = 563FD21829C5ED1100D308AB /* Build configuration list for PBXNativeTarget "SeKwangEnterUITests" */;
			buildPhases = (
				563FD20429C5ED1100D308AB /* Sources */,
				563FD20529C5ED1100D308AB /* Frameworks */,
				563FD20629C5ED1100D308AB /* Resources */,
			);
			buildRules = (
			);
			dependencies = (
				563FD20A29C5ED1100D308AB /* PBXTargetDependency */,
			);
			name = SeKwangEnterUITests;
			productName = SeKwangEnterUITests;
			productReference = 563FD20829C5ED1100D308AB /* SeKwangEnterUITests.xctest */;
			productType = "com.apple.product-type.bundle.ui-testing";
		};
/* End PBXNativeTarget section */

/* Begin PBXProject section */
		563FD1E629C5ED0F00D308AB /* Project object */ = {
			isa = PBXProject;
			attributes = {
				BuildIndependentTargetsInParallel = 1;
				LastSwiftUpdateCheck = 1330;
				LastUpgradeCheck = 1330;
				TargetAttributes = {
					563FD1ED29C5ED0F00D308AB = {
						CreatedOnToolsVersion = 13.3.1;
					};
					563FD1FD29C5ED1100D308AB = {
						CreatedOnToolsVersion = 13.3.1;
						TestTargetID = 563FD1ED29C5ED0F00D308AB;
					};
					563FD20729C5ED1100D308AB = {
						CreatedOnToolsVersion = 13.3.1;
						TestTargetID = 563FD1ED29C5ED0F00D308AB;
					};
				};
			};
			buildConfigurationList = 563FD1E929C5ED0F00D308AB /* Build configuration list for PBXProject "SeKwangEnter" */;
			compatibilityVersion = "Xcode 13.0";
			developmentRegion = en;
			hasScannedForEncodings = 0;
			knownRegions = (
				en,
				Base,
			);
			mainGroup = 563FD1E529C5ED0F00D308AB;
			productRefGroup = 563FD1EF29C5ED0F00D308AB /* Products */;
			projectDirPath = "";
			projectRoot = "";
			targets = (
				563FD1ED29C5ED0F00D308AB /* SeKwangEnter */,
				563FD1FD29C5ED1100D308AB /* SeKwangEnterTests */,
				563FD20729C5ED1100D308AB /* SeKwangEnterUITests */,
			);
		};
/* End PBXProject section */

/* Begin PBXResourcesBuildPhase section */
		563FD1EC29C5ED0F00D308AB /* Resources */ = {
			isa = PBXResourcesBuildPhase;
			buildActionMask = 2147483647;
			files = (
				563FD1F929C5ED1100D308AB /* Preview Assets.xcassets in Resources */,
				563FD1F629C5ED1100D308AB /* Assets.xcassets in Resources */,
			);
			runOnlyForDeploymentPostprocessing = 0;
		};
		563FD1FC29C5ED1100D308AB /* Resources */ = {
			isa = PBXResourcesBuildPhase;
			buildActionMask = 2147483647;
			files = (
			);
			runOnlyForDeploymentPostprocessing = 0;
		};
		563FD20629C5ED1100D308AB /* Resources */ = {
			isa = PBXResourcesBuildPhase;
			buildActionMask = 2147483647;
			files = (
			);
			runOnlyForDeploymentPostprocessing = 0;
		};
/* End PBXResourcesBuildPhase section */

/* Begin PBXSourcesBuildPhase section */
		563FD1EA29C5ED0F00D308AB /* Sources */ = {
			isa = PBXSourcesBuildPhase;
			buildActionMask = 2147483647;
			files = (
				563FD1F429C5ED0F00D308AB /* ContentView.swift in Sources */,
				563FD1F229C5ED0F00D308AB /* SeKwangEnterApp.swift in Sources */,
			);
			runOnlyForDeploymentPostprocessing = 0;
		};
		563FD1FA29C5ED1100D308AB /* Sources */ = {
			isa = PBXSourcesBuildPhase;
			buildActionMask = 2147483647;
			files = (
				563FD20329C5ED1100D308AB /* SeKwangEnterTests.swift in Sources */,
			);
			runOnlyForDeploymentPostprocessing = 0;
		};
		563FD20429C5ED1100D308AB /* Sources */ = {
			isa = PBXSourcesBuildPhase;
			buildActionMask = 2147483647;
			files = (
				563FD20F29C5ED1100D308AB /* SeKwangEnterUITestsLaunchTests.swift in Sources */,
				563FD20D29C5ED1100D308AB /* SeKwangEnterUITests.swift in Sources */,
			);
			runOnlyForDeploymentPostprocessing = 0;
		};
/* End PBXSourcesBuildPhase section */

/* Begin PBXTargetDependency section */
		563FD20029C5ED1100D308AB /* PBXTargetDependency */ = {
			isa = PBXTargetDependency;
			target = 563FD1ED29C5ED0F00D308AB /* SeKwangEnter */;
			targetProxy = 563FD1FF29C5ED1100D308AB /* PBXContainerItemProxy */;
		};
		563FD20A29C5ED1100D308AB /* PBXTargetDependency */ = {
			isa = PBXTargetDependency;
			target = 563FD1ED29C5ED0F00D308AB /* SeKwangEnter */;
			targetProxy = 563FD20929C5ED1100D308AB /* PBXContainerItemProxy */;
		};
/* End PBXTargetDependency section */

/* Begin XCBuildConfiguration section */
		563FD21029C5ED1100D308AB /* Debug */ = {
			isa = XCBuildConfiguration;
			buildSettings = {
				ALWAYS_SEARCH_USER_PATHS = NO;
				CLANG_ANALYZER_NONNULL = YES;
				CLANG_ANALYZER_NUMBER_OBJECT_CONVERSION = YES_AGGRESSIVE;
				CLANG_CXX_LANGUAGE_STANDARD = "gnu++17";
				CLANG_ENABLE_MODULES = YES;
				CLANG_ENABLE_OBJC_ARC = YES;
				CLANG_ENABLE_OBJC_WEAK = YES;
				CLANG_WARN_BLOCK_CAPTURE_AUTORELEASING = YES;
				CLANG_WARN_BOOL_CONVERSION = YES;
				CLANG_WARN_COMMA = YES;
				CLANG_WARN_CONSTANT_CONVERSION = YES;
				CLANG_WARN_DEPRECATED_OBJC_IMPLEMENTATIONS = YES;
				CLANG_WARN_DIRECT_OBJC_ISA_USAGE = YES_ERROR;
				CLANG_WARN_DOCUMENTATION_COMMENTS = YES;
				CLANG_WARN_EMPTY_BODY = YES;
				CLANG_WARN_ENUM_CONVERSION = YES;
				CLANG_WARN_INFINITE_RECURSION = YES;
				CLANG_WARN_INT_CONVERSION = YES;
				CLANG_WARN_NON_LITERAL_NULL_CONVERSION = YES;
				CLANG_WARN_OBJC_IMPLICIT_RETAIN_SELF = YES;
				CLANG_WARN_OBJC_LITERAL_CONVERSION = YES;
				CLANG_WARN_OBJC_ROOT_CLASS = YES_ERROR;
				CLANG_WARN_QUOTED_INCLUDE_IN_FRAMEWORK_HEADER = YES;
				CLANG_WARN_RANGE_LOOP_ANALYSIS = YES;
				CLANG_WARN_STRICT_PROTOTYPES = YES;
				CLANG_WARN_SUSPICIOUS_MOVE = YES;
				CLANG_WARN_UNGUARDED_AVAILABILITY = YES_AGGRESSIVE;
				CLANG_WARN_UNREACHABLE_CODE = YES;
				CLANG_WARN__DUPLICATE_METHOD_MATCH = YES;
				COPY_PHASE_STRIP = NO;
				DEBUG_INFORMATION_FORMAT = dwarf;
				ENABLE_STRICT_OBJC_MSGSEND = YES;
				ENABLE_TESTABILITY = YES;
				GCC_C_LANGUAGE_STANDARD = gnu11;
				GCC_DYNAMIC_NO_PIC = NO;
				GCC_NO_COMMON_BLOCKS = YES;
				GCC_OPTIMIZATION_LEVEL = 0;
				GCC_PREPROCESSOR_DEFINITIONS = (
					"DEBUG=1",
					"$(inherited)",
				);
				GCC_WARN_64_TO_32_BIT_CONVERSION = YES;
				GCC_WARN_ABOUT_RETURN_TYPE = YES_ERROR;
				GCC_WARN_UNDECLARED_SELECTOR = YES;
				GCC_WARN_UNINITIALIZED_AUTOS = YES_AGGRESSIVE;
				GCC_WARN_UNUSED_FUNCTION = YES;
				GCC_WARN_UNUSED_VARIABLE = YES;
				IPHONEOS_DEPLOYMENT_TARGET = 15.4;
				MTL_ENABLE_DEBUG_INFO = INCLUDE_SOURCE;
				MTL_FAST_MATH = YES;
				ONLY_ACTIVE_ARCH = YES;
				SDKROOT = iphoneos;
				SWIFT_ACTIVE_COMPILATION_CONDITIONS = DEBUG;
				SWIFT_OPTIMIZATION_LEVEL = "-Onone";
			};
			name = Debug;
		};
		563FD21129C5ED1100D308AB /* Release */ = {
			isa = XCBuildConfiguration;
			buildSettings = {
				ALWAYS_SEARCH_USER_PATHS = NO;
				CLANG_ANALYZER_NONNULL = YES;
				CLANG_ANALYZER_NUMBER_OBJECT_CONVERSION = YES_AGGRESSIVE;
				CLANG_CXX_LANGUAGE_STANDARD = "gnu++17";
				CLANG_ENABLE_MODULES = YES;
				CLANG_ENABLE_OBJC_ARC = YES;
				CLANG_ENABLE_OBJC_WEAK = YES;
				CLANG_WARN_BLOCK_CAPTURE_AUTORELEASING = YES;
				CLANG_WARN_BOOL_CONVERSION = YES;
				CLANG_WARN_COMMA = YES;
				CLANG_WARN_CONSTANT_CONVERSION = YES;
				CLANG_WARN_DEPRECATED_OBJC_IMPLEMENTATIONS = YES;
				CLANG_WARN_DIRECT_OBJC_ISA_USAGE = YES_ERROR;
				CLANG_WARN_DOCUMENTATION_COMMENTS = YES;
				CLANG_WARN_EMPTY_BODY = YES;
				CLANG_WARN_ENUM_CONVERSION = YES;
				CLANG_WARN_INFINITE_RECURSION = YES;
				CLANG_WARN_INT_CONVERSION = YES;
				CLANG_WARN_NON_LITERAL_NULL_CONVERSION = YES;
				CLANG_WARN_OBJC_IMPLICIT_RETAIN_SELF = YES;
				CLANG_WARN_OBJC_LITERAL_CONVERSION = YES;
				CLANG_WARN_OBJC_ROOT_CLASS = YES_ERROR;
				CLANG_WARN_QUOTED_INCLUDE_IN_FRAMEWORK_HEADER = YES;
				CLANG_WARN_RANGE_LOOP_ANALYSIS = YES;
				CLANG_WARN_STRICT_PROTOTYPES = YES;
				CLANG_WARN_SUSPICIOUS_MOVE = YES;
				CLANG_WARN_UNGUARDED_AVAILABILITY = YES_AGGRESSIVE;
				CLANG_WARN_UNREACHABLE_CODE = YES;
				CLANG_WARN__DUPLICATE_METHOD_MATCH = YES;
				COPY_PHASE_STRIP = NO;
				DEBUG_INFORMATION_FORMAT = "dwarf-with-dsym";
				ENABLE_NS_ASSERTIONS = NO;
				ENABLE_STRICT_OBJC_MSGSEND = YES;
				GCC_C_LANGUAGE_STANDARD = gnu11;
				GCC_NO_COMMON_BLOCKS = YES;
				GCC_WARN_64_TO_32_BIT_CONVERSION = YES;
				GCC_WARN_ABOUT_RETURN_TYPE = YES_ERROR;
				GCC_WARN_UNDECLARED_SELECTOR = YES;
				GCC_WARN_UNINITIALIZED_AUTOS = YES_AGGRESSIVE;
				GCC_WARN_UNUSED_FUNCTION = YES;
				GCC_WARN_UNUSED_VARIABLE = YES;
				IPHONEOS_DEPLOYMENT_TARGET = 15.4;
				MTL_ENABLE_DEBUG_INFO = NO;
				MTL_FAST_MATH = YES;
				SDKROOT = iphoneos;
				SWIFT_COMPILATION_MODE = wholemodule;
				SWIFT_OPTIMIZATION_LEVEL = "-O";
				VALIDATE_PRODUCT = YES;
			};
			name = Release;
		};
		563FD21329C5ED1100D308AB /* Debug */ = {
			isa = XCBuildConfiguration;
			buildSettings = {
				ASSETCATALOG_COMPILER_APPICON_NAME = AppIcon;
				ASSETCATALOG_COMPILER_GLOBAL_ACCENT_COLOR_NAME = AccentColor;
				CODE_SIGN_STYLE = Automatic;
				CURRENT_PROJECT_VERSION = 1;
				DEVELOPMENT_ASSET_PATHS = "\"SeKwangEnter/Preview Content\"";
				DEVELOPMENT_TEAM = 3KZP62644C;
				ENABLE_PREVIEWS = YES;
				GENERATE_INFOPLIST_FILE = YES;
				INFOPLIST_KEY_UIApplicationSceneManifest_Generation = YES;
				INFOPLIST_KEY_UIApplicationSupportsIndirectInputEvents = YES;
				INFOPLIST_KEY_UILaunchScreen_Generation = YES;
				INFOPLIST_KEY_UISupportedInterfaceOrientations_iPad = "UIInterfaceOrientationPortrait UIInterfaceOrientationPortraitUpsideDown UIInterfaceOrientationLandscapeLeft UIInterfaceOrientationLandscapeRight";
				INFOPLIST_KEY_UISupportedInterfaceOrientations_iPhone = "UIInterfaceOrientationPortrait UIInterfaceOrientationLandscapeLeft UIInterfaceOrientationLandscapeRight";
				LD_RUNPATH_SEARCH_PATHS = (
					"$(inherited)",
					"@executable_path/Frameworks",
				);
				MARKETING_VERSION = 1.0;
				PRODUCT_BUNDLE_IDENTIFIER = com.minny27.SeKwangEnter;
				PRODUCT_NAME = "$(TARGET_NAME)";
				SWIFT_EMIT_LOC_STRINGS = YES;
				SWIFT_VERSION = 5.0;
				TARGETED_DEVICE_FAMILY = "1,2";
			};
			name = Debug;
		};
		563FD21429C5ED1100D308AB /* Release */ = {
			isa = XCBuildConfiguration;
			buildSettings = {
				ASSETCATALOG_COMPILER_APPICON_NAME = AppIcon;
				ASSETCATALOG_COMPILER_GLOBAL_ACCENT_COLOR_NAME = AccentColor;
				CODE_SIGN_STYLE = Automatic;
				CURRENT_PROJECT_VERSION = 1;
				DEVELOPMENT_ASSET_PATHS = "\"SeKwangEnter/Preview Content\"";
				DEVELOPMENT_TEAM = 3KZP62644C;
				ENABLE_PREVIEWS = YES;
				GENERATE_INFOPLIST_FILE = YES;
				INFOPLIST_KEY_UIApplicationSceneManifest_Generation = YES;
				INFOPLIST_KEY_UIApplicationSupportsIndirectInputEvents = YES;
				INFOPLIST_KEY_UILaunchScreen_Generation = YES;
				INFOPLIST_KEY_UISupportedInterfaceOrientations_iPad = "UIInterfaceOrientationPortrait UIInterfaceOrientationPortraitUpsideDown UIInterfaceOrientationLandscapeLeft UIInterfaceOrientationLandscapeRight";
				INFOPLIST_KEY_UISupportedInterfaceOrientations_iPhone = "UIInterfaceOrientationPortrait UIInterfaceOrientationLandscapeLeft UIInterfaceOrientationLandscapeRight";
				LD_RUNPATH_SEARCH_PATHS = (
					"$(inherited)",
					"@executable_path/Frameworks",
				);
				MARKETING_VERSION = 1.0;
				PRODUCT_BUNDLE_IDENTIFIER = com.minny27.SeKwangEnter;
				PRODUCT_NAME = "$(TARGET_NAME)";
				SWIFT_EMIT_LOC_STRINGS = YES;
				SWIFT_VERSION = 5.0;
				TARGETED_DEVICE_FAMILY = "1,2";
			};
			name = Release;
		};
		563FD21629C5ED1100D308AB /* Debug */ = {
			isa = XCBuildConfiguration;
			buildSettings = {
				ALWAYS_EMBED_SWIFT_STANDARD_LIBRARIES = YES;
				BUNDLE_LOADER = "$(TEST_HOST)";
				CODE_SIGN_STYLE = Automatic;
				CURRENT_PROJECT_VERSION = 1;
				DEVELOPMENT_TEAM = 3KZP62644C;
				GENERATE_INFOPLIST_FILE = YES;
				IPHONEOS_DEPLOYMENT_TARGET = 15.4;
				MARKETING_VERSION = 1.0;
				PRODUCT_BUNDLE_IDENTIFIER = com.minny27.SeKwangEnterTests;
				PRODUCT_NAME = "$(TARGET_NAME)";
				SWIFT_EMIT_LOC_STRINGS = NO;
				SWIFT_VERSION = 5.0;
				TARGETED_DEVICE_FAMILY = "1,2";
				TEST_HOST = "$(BUILT_PRODUCTS_DIR)/SeKwangEnter.app/SeKwangEnter";
			};
			name = Debug;
		};
		563FD21729C5ED1100D308AB /* Release */ = {
			isa = XCBuildConfiguration;
			buildSettings = {
				ALWAYS_EMBED_SWIFT_STANDARD_LIBRARIES = YES;
				BUNDLE_LOADER = "$(TEST_HOST)";
				CODE_SIGN_STYLE = Automatic;
				CURRENT_PROJECT_VERSION = 1;
				DEVELOPMENT_TEAM = 3KZP62644C;
				GENERATE_INFOPLIST_FILE = YES;
				IPHONEOS_DEPLOYMENT_TARGET = 15.4;
				MARKETING_VERSION = 1.0;
				PRODUCT_BUNDLE_IDENTIFIER = com.minny27.SeKwangEnterTests;
				PRODUCT_NAME = "$(TARGET_NAME)";
				SWIFT_EMIT_LOC_STRINGS = NO;
				SWIFT_VERSION = 5.0;
				TARGETED_DEVICE_FAMILY = "1,2";
				TEST_HOST = "$(BUILT_PRODUCTS_DIR)/SeKwangEnter.app/SeKwangEnter";
			};
			name = Release;
		};
		563FD21929C5ED1100D308AB /* Debug */ = {
			isa = XCBuildConfiguration;
			buildSettings = {
				ALWAYS_EMBED_SWIFT_STANDARD_LIBRARIES = YES;
				CODE_SIGN_STYLE = Automatic;
				CURRENT_PROJECT_VERSION = 1;
				DEVELOPMENT_TEAM = 3KZP62644C;
				GENERATE_INFOPLIST_FILE = YES;
				MARKETING_VERSION = 1.0;
				PRODUCT_BUNDLE_IDENTIFIER = com.minny27.SeKwangEnterUITests;
				PRODUCT_NAME = "$(TARGET_NAME)";
				SWIFT_EMIT_LOC_STRINGS = NO;
				SWIFT_VERSION = 5.0;
				TARGETED_DEVICE_FAMILY = "1,2";
				TEST_TARGET_NAME = SeKwangEnter;
			};
			name = Debug;
		};
		563FD21A29C5ED1100D308AB /* Release */ = {
			isa = XCBuildConfiguration;
			buildSettings = {
				ALWAYS_EMBED_SWIFT_STANDARD_LIBRARIES = YES;
				CODE_SIGN_STYLE = Automatic;
				CURRENT_PROJECT_VERSION = 1;
				DEVELOPMENT_TEAM = 3KZP62644C;
				GENERATE_INFOPLIST_FILE = YES;
				MARKETING_VERSION = 1.0;
				PRODUCT_BUNDLE_IDENTIFIER = com.minny27.SeKwangEnterUITests;
				PRODUCT_NAME = "$(TARGET_NAME)";
				SWIFT_EMIT_LOC_STRINGS = NO;
				SWIFT_VERSION = 5.0;
				TARGETED_DEVICE_FAMILY = "1,2";
				TEST_TARGET_NAME = SeKwangEnter;
			};
			name = Release;
		};
/* End XCBuildConfiguration section */

/* Begin XCConfigurationList section */
		563FD1E929C5ED0F00D308AB /* Build configuration list for PBXProject "SeKwangEnter" */ = {
			isa = XCConfigurationList;
			buildConfigurations = (
				563FD21029C5ED1100D308AB /* Debug */,
				563FD21129C5ED1100D308AB /* Release */,
			);
			defaultConfigurationIsVisible = 0;
			defaultConfigurationName = Release;
		};
		563FD21229C5ED1100D308AB /* Build configuration list for PBXNativeTarget "SeKwangEnter" */ = {
			isa = XCConfigurationList;
			buildConfigurations = (
				563FD21329C5ED1100D308AB /* Debug */,
				563FD21429C5ED1100D308AB /* Release */,
			);
			defaultConfigurationIsVisible = 0;
			defaultConfigurationName = Release;
		};
		563FD21529C5ED1100D308AB /* Build configuration list for PBXNativeTarget "SeKwangEnterTests" */ = {
			isa = XCConfigurationList;
			buildConfigurations = (
				563FD21629C5ED1100D308AB /* Debug */,
				563FD21729C5ED1100D308AB /* Release */,
			);
			defaultConfigurationIsVisible = 0;
			defaultConfigurationName = Release;
		};
		563FD21829C5ED1100D308AB /* Build configuration list for PBXNativeTarget "SeKwangEnterUITests" */ = {
			isa = XCConfigurationList;
			buildConfigurations = (
				563FD21929C5ED1100D308AB /* Debug */,
				563FD21A29C5ED1100D308AB /* Release */,
			);
			defaultConfigurationIsVisible = 0;
			defaultConfigurationName = Release;
		};
/* End XCConfigurationList section */
	};
	rootObject = 563FD1E629C5ED0F00D308AB /* Project object */;
}
